
Microsoft Visual Studio Solution File, Format Version 12.00
# Visual Studio Version 17
VisualStudioVersion = 17.11.35327.3
MinimumVisualStudioVersion = 10.0.40219.1
Project("{FAE04EC0-301F-11D3-BF4B-00C04F79EFBC}") = "Batch5_day1", "Batch5_day1\Batch5_day1.csproj", "{4064838F-15CE-4AAA-B6A6-E65A1332D455}"
EndProject
Global
	GlobalSection(SolutionConfigurationPlatforms) = preSolution
		Debug|Any CPU = Debug|Any CPU
		Release|Any CPU = Release|Any CPU
	EndGlobalSection
	GlobalSection(ProjectConfigurationPlatforms) = postSolution
		{4064838F-15CE-4AAA-B6A6-E65A1332D455}.Debug|Any CPU.ActiveCfg = Debug|Any CPU
		{4064838F-15CE-4AAA-B6A6-E65A1332D455}.Debug|Any CPU.Build.0 = Debug|Any CPU
		{4064838F-15CE-4AAA-B6A6-E65A1332D455}.Release|Any CPU.ActiveCfg = Release|Any CPU
		{4064838F-15CE-4AAA-B6A6-E65A1332D455}.Release|Any CPU.Build.0 = Release|Any CPU
	EndGlobalSection
	GlobalSection(SolutionProperties) = preSolution
		HideSolutionNode = FALSE
	EndGlobalSection
	GlobalSection(ExtensibilityGlobals) = postSolution
		SolutionGuid = {60D11311-D8CB-48F3-9519-50D3EF4BAABC}
	EndGlobalSection
EndGlobal
