
Microsoft Visual Studio Solution File, Format Version 12.00
# Visual Studio Version 17
VisualStudioVersion = 17.11.35327.3
MinimumVisualStudioVersion = 10.0.40219.1
Project("{FAE04EC0-301F-11D3-BF4B-00C04F79EFBC}") = "DatabaseView", "DatabaseView\DatabaseView.csproj", "{7D1B4808-423A-4169-A3EE-0AEDA325373B}"
EndProject
Global
	GlobalSection(SolutionConfigurationPlatforms) = preSolution
		Debug|Any CPU = Debug|Any CPU
		Release|Any CPU = Release|Any CPU
	EndGlobalSection
	GlobalSection(ProjectConfigurationPlatforms) = postSolution
		{7D1B4808-423A-4169-A3EE-0AEDA325373B}.Debug|Any CPU.ActiveCfg = Debug|Any CPU
		{7D1B4808-423A-4169-A3EE-0AEDA325373B}.Debug|Any CPU.Build.0 = Debug|Any CPU
		{7D1B4808-423A-4169-A3EE-0AEDA325373B}.Release|Any CPU.ActiveCfg = Release|Any CPU
		{7D1B4808-423A-4169-A3EE-0AEDA325373B}.Release|Any CPU.Build.0 = Release|Any CPU
	EndGlobalSection
	GlobalSection(SolutionProperties) = preSolution
		HideSolutionNode = FALSE
	EndGlobalSection
	GlobalSection(ExtensibilityGlobals) = postSolution
		SolutionGuid = {06D7D098-9B06-42A4-991C-4D51A6829AA9}
	EndGlobalSection
EndGlobal
